
Microsoft Visual Studio Solution File, Format Version 12.00
# Visual Studio Version 17
VisualStudioVersion = 17.7.34202.233
MinimumVisualStudioVersion = 10.0.40219.1
Project("{FAE04EC0-301F-11D3-BF4B-00C04F79EFBC}") = "ILU7_4", "ILU7_4\ILU7_4.csproj", "{595DBCB6-0BAC-4B87-9D9F-C2581D9F521A}"
EndProject
Global
	GlobalSection(SolutionConfigurationPlatforms) = preSolution
		Debug|Any CPU = Debug|Any CPU
		Release|Any CPU = Release|Any CPU
	EndGlobalSection
	GlobalSection(ProjectConfigurationPlatforms) = postSolution
		{595DBCB6-0BAC-4B87-9D9F-C2581D9F521A}.Debug|Any CPU.ActiveCfg = Debug|Any CPU
		{595DBCB6-0BAC-4B87-9D9F-C2581D9F521A}.Debug|Any CPU.Build.0 = Debug|Any CPU
		{595DBCB6-0BAC-4B87-9D9F-C2581D9F521A}.Release|Any CPU.ActiveCfg = Release|Any CPU
		{595DBCB6-0BAC-4B87-9D9F-C2581D9F521A}.Release|Any CPU.Build.0 = Release|Any CPU
	EndGlobalSection
	GlobalSection(SolutionProperties) = preSolution
		HideSolutionNode = FALSE
	EndGlobalSection
	GlobalSection(ExtensibilityGlobals) = postSolution
		SolutionGuid = {A213CCB9-7575-4D1B-9704-E219A15DE8A7}
	EndGlobalSection
EndGlobal
